// !$*UTF8*$!
{
	archiveVersion = 1;
	classes = {
	};
	objectVersion = 51;
	objects = {

/* Begin PBXBuildFile section */
		173510C525BC9157005AF6BF /* AppDelegate.swift in Sources */ = {isa = PBXBuildFile; fileRef = 173510C425BC9157005AF6BF /* AppDelegate.swift */; };
		173510C725BC9157005AF6BF /* SceneDelegate.swift in Sources */ = {isa = PBXBuildFile; fileRef = 173510C625BC9157005AF6BF /* SceneDelegate.swift */; };
		173510C925BC9157005AF6BF /* ViewController.swift in Sources */ = {isa = PBXBuildFile; fileRef = 173510C825BC9157005AF6BF /* ViewController.swift */; };
		173510CC25BC9157005AF6BF /* Main.storyboard in Resources */ = {isa = PBXBuildFile; fileRef = 173510CA25BC9157005AF6BF /* Main.storyboard */; };
		173510CE25BC9158005AF6BF /* Assets.xcassets in Resources */ = {isa = PBXBuildFile; fileRef = 173510CD25BC9158005AF6BF /* Assets.xcassets */; };
		173510D125BC9158005AF6BF /* LaunchScreen.storyboard in Resources */ = {isa = PBXBuildFile; fileRef = 173510CF25BC9158005AF6BF /* LaunchScreen.storyboard */; };
		173510DC25BC9158005AF6BF /* SampleTests.swift in Sources */ = {isa = PBXBuildFile; fileRef = 173510DB25BC9158005AF6BF /* SampleTests.swift */; };
		173510E725BC9158005AF6BF /* SampleUITests.swift in Sources */ = {isa = PBXBuildFile; fileRef = 173510E625BC9158005AF6BF /* SampleUITests.swift */; };
		77A7608E60E632488169D490 /* Pods_AllTargets_Sample.framework in Frameworks */ = {isa = PBXBuildFile; fileRef = 475439F6F94954988D374A59 /* Pods_AllTargets_Sample.framework */; };
/* End PBXBuildFile section */

/* Begin PBXContainerItemProxy section */
		173510D825BC9158005AF6BF /* PBXContainerItemProxy */ = {
			isa = PBXContainerItemProxy;
			containerPortal = 173510B925BC9157005AF6BF /* Project object */;
			proxyType = 1;
			remoteGlobalIDString = 173510C025BC9157005AF6BF;
			remoteInfo = Sample;
		};
		173510E325BC9158005AF6BF /* PBXContainerItemProxy */ = {
			isa = PBXContainerItemProxy;
			containerPortal = 173510B925BC9157005AF6BF /* Project object */;
			proxyType = 1;
			remoteGlobalIDString = 173510C025BC9157005AF6BF;
			remoteInfo = Sample;
		};
/* End PBXContainerItemProxy section */

/* Begin PBXFileReference section */
		173510C125BC9157005AF6BF /* Sample.app */ = {isa = PBXFileReference; explicitFileType = wrapper.application; includeInIndex = 0; path = Sample.app; sourceTree = BUILT_PRODUCTS_DIR; };
		173510C425BC9157005AF6BF /* AppDelegate.swift */ = {isa = PBXFileReference; lastKnownFileType = sourcecode.swift; path = AppDelegate.swift; sourceTree = "<group>"; };
		173510C625BC9157005AF6BF /* SceneDelegate.swift */ = {isa = PBXFileReference; lastKnownFileType = sourcecode.swift; path = SceneDelegate.swift; sourceTree = "<group>"; };
		173510C825BC9157005AF6BF /* ViewController.swift */ = {isa = PBXFileReference; lastKnownFileType = sourcecode.swift; path = ViewController.swift; sourceTree = "<group>"; };
		173510CB25BC9157005AF6BF /* Base */ = {isa = PBXFileReference; lastKnownFileType = file.storyboard; name = Base; path = Base.lproj/Main.storyboard; sourceTree = "<group>"; };
		173510CD25BC9158005AF6BF /* Assets.xcassets */ = {isa = PBXFileReference; lastKnownFileType = folder.assetcatalog; path = Assets.xcassets; sourceTree = "<group>"; };
		173510D025BC9158005AF6BF /* Base */ = {isa = PBXFileReference; lastKnownFileType = file.storyboard; name = Base; path = Base.lproj/LaunchScreen.storyboard; sourceTree = "<group>"; };
		173510D225BC9158005AF6BF /* Info.plist */ = {isa = PBXFileReference; lastKnownFileType = text.plist.xml; path = Info.plist; sourceTree = "<group>"; };
		173510D725BC9158005AF6BF /* SampleTests.xctest */ = {isa = PBXFileReference; explicitFileType = wrapper.cfbundle; includeInIndex = 0; path = SampleTests.xctest; sourceTree = BUILT_PRODUCTS_DIR; };
		173510DB25BC9158005AF6BF /* SampleTests.swift */ = {isa = PBXFileReference; lastKnownFileType = sourcecode.swift; path = SampleTests.swift; sourceTree = "<group>"; };
		173510DD25BC9158005AF6BF /* Info.plist */ = {isa = PBXFileReference; lastKnownFileType = text.plist.xml; path = Info.plist; sourceTree = "<group>"; };
		173510E225BC9158005AF6BF /* SampleUITests.xctest */ = {isa = PBXFileReference; explicitFileType = wrapper.cfbundle; includeInIndex = 0; path = SampleUITests.xctest; sourceTree = BUILT_PRODUCTS_DIR; };
		173510E625BC9158005AF6BF /* SampleUITests.swift */ = {isa = PBXFileReference; lastKnownFileType = sourcecode.swift; path = SampleUITests.swift; sourceTree = "<group>"; };
		173510E825BC9158005AF6BF /* Info.plist */ = {isa = PBXFileReference; lastKnownFileType = text.plist.xml; path = Info.plist; sourceTree = "<group>"; };
		1735115925BC9D31005AF6BF /* Sample.entitlements */ = {isa = PBXFileReference; lastKnownFileType = text.plist.entitlements; path = Sample.entitlements; sourceTree = "<group>"; };
		1D57827D312961836AB4FEBA /* Pods-Sample.release.xcconfig */ = {isa = PBXFileReference; includeInIndex = 1; lastKnownFileType = text.xcconfig; name = "Pods-Sample.release.xcconfig"; path = "Target Support Files/Pods-Sample/Pods-Sample.release.xcconfig"; sourceTree = "<group>"; };
		2003D1A169BF2C70A9AEC223 /* Pods-AllTargets-Sample.release.xcconfig */ = {isa = PBXFileReference; includeInIndex = 1; lastKnownFileType = text.xcconfig; name = "Pods-AllTargets-Sample.release.xcconfig"; path = "Target Support Files/Pods-AllTargets-Sample/Pods-AllTargets-Sample.release.xcconfig"; sourceTree = "<group>"; };
		475439F6F94954988D374A59 /* Pods_AllTargets_Sample.framework */ = {isa = PBXFileReference; explicitFileType = wrapper.framework; includeInIndex = 0; path = Pods_AllTargets_Sample.framework; sourceTree = BUILT_PRODUCTS_DIR; };
		6BFC161FE9DC054D1AC3ED38 /* Pods-Sample.debug.xcconfig */ = {isa = PBXFileReference; includeInIndex = 1; lastKnownFileType = text.xcconfig; name = "Pods-Sample.debug.xcconfig"; path = "Target Support Files/Pods-Sample/Pods-Sample.debug.xcconfig"; sourceTree = "<group>"; };
		962AB8DDE7F8D9AF47D9094E /* Pods-AllTargets-Sample.debug.xcconfig */ = {isa = PBXFileReference; includeInIndex = 1; lastKnownFileType = text.xcconfig; name = "Pods-AllTargets-Sample.debug.xcconfig"; path = "Target Support Files/Pods-AllTargets-Sample/Pods-AllTargets-Sample.debug.xcconfig"; sourceTree = "<group>"; };
/* End PBXFileReference section */

/* Begin PBXFrameworksBuildPhase section */
		173510BE25BC9157005AF6BF /* Frameworks */ = {
			isa = PBXFrameworksBuildPhase;
			buildActionMask = 2147483647;
			files = (
				77A7608E60E632488169D490 /* Pods_AllTargets_Sample.framework in Frameworks */,
			);
			runOnlyForDeploymentPostprocessing = 0;
		};
		173510D425BC9158005AF6BF /* Frameworks */ = {
			isa = PBXFrameworksBuildPhase;
			buildActionMask = 2147483647;
			files = (
			);
			runOnlyForDeploymentPostprocessing = 0;
		};
		173510DF25BC9158005AF6BF /* Frameworks */ = {
			isa = PBXFrameworksBuildPhase;
			buildActionMask = 2147483647;
			files = (
			);
			runOnlyForDeploymentPostprocessing = 0;
		};
/* End PBXFrameworksBuildPhase section */

/* Begin PBXGroup section */
		173510B825BC9157005AF6BF = {
			isa = PBXGroup;
			children = (
				173510C325BC9157005AF6BF /* Sample */,
				173510DA25BC9158005AF6BF /* SampleTests */,
				173510E525BC9158005AF6BF /* SampleUITests */,
				173510C225BC9157005AF6BF /* Products */,
				A11138B9A17D01B367D94B0A /* Pods */,
				75AEC9F9B2EF634DE5E037DC /* Frameworks */,
			);
			sourceTree = "<group>";
		};
		173510C225BC9157005AF6BF /* Products */ = {
			isa = PBXGroup;
			children = (
				173510C125BC9157005AF6BF /* Sample.app */,
				173510D725BC9158005AF6BF /* SampleTests.xctest */,
				173510E225BC9158005AF6BF /* SampleUITests.xctest */,
			);
			name = Products;
			sourceTree = "<group>";
		};
		173510C325BC9157005AF6BF /* Sample */ = {
			isa = PBXGroup;
			children = (
				1735115925BC9D31005AF6BF /* Sample.entitlements */,
				173510C425BC9157005AF6BF /* AppDelegate.swift */,
				173510C625BC9157005AF6BF /* SceneDelegate.swift */,
				173510C825BC9157005AF6BF /* ViewController.swift */,
				173510CA25BC9157005AF6BF /* Main.storyboard */,
				173510CD25BC9158005AF6BF /* Assets.xcassets */,
				173510CF25BC9158005AF6BF /* LaunchScreen.storyboard */,
				173510D225BC9158005AF6BF /* Info.plist */,
			);
			path = Sample;
			sourceTree = "<group>";
		};
		173510DA25BC9158005AF6BF /* SampleTests */ = {
			isa = PBXGroup;
			children = (
				173510DB25BC9158005AF6BF /* SampleTests.swift */,
				173510DD25BC9158005AF6BF /* Info.plist */,
			);
			path = SampleTests;
			sourceTree = "<group>";
		};
		173510E525BC9158005AF6BF /* SampleUITests */ = {
			isa = PBXGroup;
			children = (
				173510E625BC9158005AF6BF /* SampleUITests.swift */,
				173510E825BC9158005AF6BF /* Info.plist */,
			);
			path = SampleUITests;
			sourceTree = "<group>";
		};
		75AEC9F9B2EF634DE5E037DC /* Frameworks */ = {
			isa = PBXGroup;
			children = (
				475439F6F94954988D374A59 /* Pods_AllTargets_Sample.framework */,
			);
			name = Frameworks;
			sourceTree = "<group>";
		};
		A11138B9A17D01B367D94B0A /* Pods */ = {
			isa = PBXGroup;
			children = (
				6BFC161FE9DC054D1AC3ED38 /* Pods-Sample.debug.xcconfig */,
				1D57827D312961836AB4FEBA /* Pods-Sample.release.xcconfig */,
				962AB8DDE7F8D9AF47D9094E /* Pods-AllTargets-Sample.debug.xcconfig */,
				2003D1A169BF2C70A9AEC223 /* Pods-AllTargets-Sample.release.xcconfig */,
			);
			path = Pods;
			sourceTree = "<group>";
		};
/* End PBXGroup section */

/* Begin PBXNativeTarget section */
		173510C025BC9157005AF6BF /* Sample */ = {
			isa = PBXNativeTarget;
			buildConfigurationList = 173510EB25BC9158005AF6BF /* Build configuration list for PBXNativeTarget "Sample" */;
			buildPhases = (
				DB756E3F6359CD018592F89B /* [CP] Check Pods Manifest.lock */,
				173510BD25BC9157005AF6BF /* Sources */,
				173510BE25BC9157005AF6BF /* Frameworks */,
				173510BF25BC9157005AF6BF /* Resources */,
				6ECB9FD4E2EA2417F3FA23BD /* [CP] Embed Pods Frameworks */,
			);
			buildRules = (
			);
			dependencies = (
			);
			name = Sample;
			productName = Sample;
			productReference = 173510C125BC9157005AF6BF /* Sample.app */;
			productType = "com.apple.product-type.application";
		};
		173510D625BC9158005AF6BF /* SampleTests */ = {
			isa = PBXNativeTarget;
			buildConfigurationList = 173510EE25BC9158005AF6BF /* Build configuration list for PBXNativeTarget "SampleTests" */;
			buildPhases = (
				173510D325BC9158005AF6BF /* Sources */,
				173510D425BC9158005AF6BF /* Frameworks */,
				173510D525BC9158005AF6BF /* Resources */,
			);
			buildRules = (
			);
			dependencies = (
				173510D925BC9158005AF6BF /* PBXTargetDependency */,
			);
			name = SampleTests;
			productName = SampleTests;
			productReference = 173510D725BC9158005AF6BF /* SampleTests.xctest */;
			productType = "com.apple.product-type.bundle.unit-test";
		};
		173510E125BC9158005AF6BF /* SampleUITests */ = {
			isa = PBXNativeTarget;
			buildConfigurationList = 173510F125BC9158005AF6BF /* Build configuration list for PBXNativeTarget "SampleUITests" */;
			buildPhases = (
				173510DE25BC9158005AF6BF /* Sources */,
				173510DF25BC9158005AF6BF /* Frameworks */,
				173510E025BC9158005AF6BF /* Resources */,
			);
			buildRules = (
			);
			dependencies = (
				173510E425BC9158005AF6BF /* PBXTargetDependency */,
			);
			name = SampleUITests;
			productName = SampleUITests;
			productReference = 173510E225BC9158005AF6BF /* SampleUITests.xctest */;
			productType = "com.apple.product-type.bundle.ui-testing";
		};
/* End PBXNativeTarget section */

/* Begin PBXProject section */
		173510B925BC9157005AF6BF /* Project object */ = {
			isa = PBXProject;
			attributes = {
				LastSwiftUpdateCheck = 1230;
				LastUpgradeCheck = 1230;
				TargetAttributes = {
					173510C025BC9157005AF6BF = {
						CreatedOnToolsVersion = 12.3;
					};
					173510D625BC9158005AF6BF = {
						CreatedOnToolsVersion = 12.3;
						TestTargetID = 173510C025BC9157005AF6BF;
					};
					173510E125BC9158005AF6BF = {
						CreatedOnToolsVersion = 12.3;
						TestTargetID = 173510C025BC9157005AF6BF;
					};
				};
			};
			buildConfigurationList = 173510BC25BC9157005AF6BF /* Build configuration list for PBXProject "Sample" */;
			compatibilityVersion = "Xcode 9.3";
			developmentRegion = en;
			hasScannedForEncodings = 0;
			knownRegions = (
				en,
				Base,
			);
			mainGroup = 173510B825BC9157005AF6BF;
			productRefGroup = 173510C225BC9157005AF6BF /* Products */;
			projectDirPath = "";
			projectRoot = "";
			targets = (
				173510C025BC9157005AF6BF /* Sample */,
				173510D625BC9158005AF6BF /* SampleTests */,
				173510E125BC9158005AF6BF /* SampleUITests */,
			);
		};
/* End PBXProject section */

/* Begin PBXResourcesBuildPhase section */
		173510BF25BC9157005AF6BF /* Resources */ = {
			isa = PBXResourcesBuildPhase;
			buildActionMask = 2147483647;
			files = (
				173510D125BC9158005AF6BF /* LaunchScreen.storyboard in Resources */,
				173510CE25BC9158005AF6BF /* Assets.xcassets in Resources */,
				173510CC25BC9157005AF6BF /* Main.storyboard in Resources */,
			);
			runOnlyForDeploymentPostprocessing = 0;
		};
		173510D525BC9158005AF6BF /* Resources */ = {
			isa = PBXResourcesBuildPhase;
			buildActionMask = 2147483647;
			files = (
			);
			runOnlyForDeploymentPostprocessing = 0;
		};
		173510E025BC9158005AF6BF /* Resources */ = {
			isa = PBXResourcesBuildPhase;
			buildActionMask = 2147483647;
			files = (
			);
			runOnlyForDeploymentPostprocessing = 0;
		};
/* End PBXResourcesBuildPhase section */

/* Begin PBXShellScriptBuildPhase section */
		6ECB9FD4E2EA2417F3FA23BD /* [CP] Embed Pods Frameworks */ = {
			isa = PBXShellScriptBuildPhase;
			buildActionMask = 2147483647;
			files = (
			);
			inputFileListPaths = (
				"${PODS_ROOT}/Target Support Files/Pods-AllTargets-Sample/Pods-AllTargets-Sample-frameworks-${CONFIGURATION}-input-files.xcfilelist",
			);
			name = "[CP] Embed Pods Frameworks";
			outputFileListPaths = (
				"${PODS_ROOT}/Target Support Files/Pods-AllTargets-Sample/Pods-AllTargets-Sample-frameworks-${CONFIGURATION}-output-files.xcfilelist",
			);
			runOnlyForDeploymentPostprocessing = 0;
			shellPath = /bin/sh;
			shellScript = "\"${PODS_ROOT}/Target Support Files/Pods-AllTargets-Sample/Pods-AllTargets-Sample-frameworks.sh\"\n";
			showEnvVarsInLog = 0;
		};
		DB756E3F6359CD018592F89B /* [CP] Check Pods Manifest.lock */ = {
			isa = PBXShellScriptBuildPhase;
			buildActionMask = 2147483647;
			files = (
			);
			inputFileListPaths = (
			);
			inputPaths = (
				"${PODS_PODFILE_DIR_PATH}/Podfile.lock",
				"${PODS_ROOT}/Manifest.lock",
			);
			name = "[CP] Check Pods Manifest.lock";
			outputFileListPaths = (
			);
			outputPaths = (
				"$(DERIVED_FILE_DIR)/Pods-AllTargets-Sample-checkManifestLockResult.txt",
			);
			runOnlyForDeploymentPostprocessing = 0;
			shellPath = /bin/sh;
			shellScript = "diff \"${PODS_PODFILE_DIR_PATH}/Podfile.lock\" \"${PODS_ROOT}/Manifest.lock\" > /dev/null\nif [ $? != 0 ] ; then\n    # print error to STDERR\n    echo \"error: The sandbox is not in sync with the Podfile.lock. Run 'pod install' or update your CocoaPods installation.\" >&2\n    exit 1\nfi\n# This output is used by Xcode 'outputs' to avoid re-running this script phase.\necho \"SUCCESS\" > \"${SCRIPT_OUTPUT_FILE_0}\"\n";
			showEnvVarsInLog = 0;
		};
/* End PBXShellScriptBuildPhase section */

/* Begin PBXSourcesBuildPhase section */
		173510BD25BC9157005AF6BF /* Sources */ = {
			isa = PBXSourcesBuildPhase;
			buildActionMask = 2147483647;
			files = (
				173510C925BC9157005AF6BF /* ViewController.swift in Sources */,
				173510C525BC9157005AF6BF /* AppDelegate.swift in Sources */,
				173510C725BC9157005AF6BF /* SceneDelegate.swift in Sources */,
			);
			runOnlyForDeploymentPostprocessing = 0;
		};
		173510D325BC9158005AF6BF /* Sources */ = {
			isa = PBXSourcesBuildPhase;
			buildActionMask = 2147483647;
			files = (
				173510DC25BC9158005AF6BF /* SampleTests.swift in Sources */,
			);
			runOnlyForDeploymentPostprocessing = 0;
		};
		173510DE25BC9158005AF6BF /* Sources */ = {
			isa = PBXSourcesBuildPhase;
			buildActionMask = 2147483647;
			files = (
				173510E725BC9158005AF6BF /* SampleUITests.swift in Sources */,
			);
			runOnlyForDeploymentPostprocessing = 0;
		};
/* End PBXSourcesBuildPhase section */

/* Begin PBXTargetDependency section */
		173510D925BC9158005AF6BF /* PBXTargetDependency */ = {
			isa = PBXTargetDependency;
			target = 173510C025BC9157005AF6BF /* Sample */;
			targetProxy = 173510D825BC9158005AF6BF /* PBXContainerItemProxy */;
		};
		173510E425BC9158005AF6BF /* PBXTargetDependency */ = {
			isa = PBXTargetDependency;
			target = 173510C025BC9157005AF6BF /* Sample */;
			targetProxy = 173510E325BC9158005AF6BF /* PBXContainerItemProxy */;
		};
/* End PBXTargetDependency section */

/* Begin PBXVariantGroup section */
		173510CA25BC9157005AF6BF /* Main.storyboard */ = {
			isa = PBXVariantGroup;
			children = (
				173510CB25BC9157005AF6BF /* Base */,
			);
			name = Main.storyboard;
			sourceTree = "<group>";
		};
		173510CF25BC9158005AF6BF /* LaunchScreen.storyboard */ = {
			isa = PBXVariantGroup;
			children = (
				173510D025BC9158005AF6BF /* Base */,
			);
			name = LaunchScreen.storyboard;
			sourceTree = "<group>";
		};
/* End PBXVariantGroup section */

/* Begin XCBuildConfiguration section */
		173510E925BC9158005AF6BF /* Debug */ = {
			isa = XCBuildConfiguration;
			buildSettings = {
				ALWAYS_SEARCH_USER_PATHS = NO;
				CLANG_ANALYZER_NONNULL = YES;
				CLANG_ANALYZER_NUMBER_OBJECT_CONVERSION = YES_AGGRESSIVE;
				CLANG_CXX_LANGUAGE_STANDARD = "gnu++14";
				CLANG_CXX_LIBRARY = "libc++";
				CLANG_ENABLE_MODULES = YES;
				CLANG_ENABLE_OBJC_ARC = YES;
				CLANG_ENABLE_OBJC_WEAK = YES;
				CLANG_WARN_BLOCK_CAPTURE_AUTORELEASING = YES;
				CLANG_WARN_BOOL_CONVERSION = YES;
				CLANG_WARN_COMMA = YES;
				CLANG_WARN_CONSTANT_CONVERSION = YES;
				CLANG_WARN_DEPRECATED_OBJC_IMPLEMENTATIONS = YES;
				CLANG_WARN_DIRECT_OBJC_ISA_USAGE = YES_ERROR;
				CLANG_WARN_DOCUMENTATION_COMMENTS = YES;
				CLANG_WARN_EMPTY_BODY = YES;
				CLANG_WARN_ENUM_CONVERSION = YES;
				CLANG_WARN_INFINITE_RECURSION = YES;
				CLANG_WARN_INT_CONVERSION = YES;
				CLANG_WARN_NON_LITERAL_NULL_CONVERSION = YES;
				CLANG_WARN_OBJC_IMPLICIT_RETAIN_SELF = YES;
				CLANG_WARN_OBJC_LITERAL_CONVERSION = YES;
				CLANG_WARN_OBJC_ROOT_CLASS = YES_ERROR;
				CLANG_WARN_QUOTED_INCLUDE_IN_FRAMEWORK_HEADER = YES;
				CLANG_WARN_RANGE_LOOP_ANALYSIS = YES;
				CLANG_WARN_STRICT_PROTOTYPES = YES;
				CLANG_WARN_SUSPICIOUS_MOVE = YES;
				CLANG_WARN_UNGUARDED_AVAILABILITY = YES_AGGRESSIVE;
				CLANG_WARN_UNREACHABLE_CODE = YES;
				CLANG_WARN__DUPLICATE_METHOD_MATCH = YES;
				COPY_PHASE_STRIP = NO;
				DEBUG_INFORMATION_FORMAT = dwarf;
				ENABLE_STRICT_OBJC_MSGSEND = YES;
				ENABLE_TESTABILITY = YES;
				GCC_C_LANGUAGE_STANDARD = gnu11;
				GCC_DYNAMIC_NO_PIC = NO;
				GCC_NO_COMMON_BLOCKS = YES;
				GCC_OPTIMIZATION_LEVEL = 0;
				GCC_PREPROCESSOR_DEFINITIONS = (
					"DEBUG=1",
					"$(inherited)",
				);
				GCC_WARN_64_TO_32_BIT_CONVERSION = YES;
				GCC_WARN_ABOUT_RETURN_TYPE = YES_ERROR;
				GCC_WARN_UNDECLARED_SELECTOR = YES;
				GCC_WARN_UNINITIALIZED_AUTOS = YES_AGGRESSIVE;
				GCC_WARN_UNUSED_FUNCTION = YES;
				GCC_WARN_UNUSED_VARIABLE = YES;
				IPHONEOS_DEPLOYMENT_TARGET = 14.3;
				MTL_ENABLE_DEBUG_INFO = INCLUDE_SOURCE;
				MTL_FAST_MATH = YES;
				ONLY_ACTIVE_ARCH = YES;
				SDKROOT = iphoneos;
				SWIFT_ACTIVE_COMPILATION_CONDITIONS = DEBUG;
				SWIFT_OPTIMIZATION_LEVEL = "-Onone";
			};
			name = Debug;
		};
		173510EA25BC9158005AF6BF /* Release */ = {
			isa = XCBuildConfiguration;
			buildSettings = {
				ALWAYS_SEARCH_USER_PATHS = NO;
				CLANG_ANALYZER_NONNULL = YES;
				CLANG_ANALYZER_NUMBER_OBJECT_CONVERSION = YES_AGGRESSIVE;
				CLANG_CXX_LANGUAGE_STANDARD = "gnu++14";
				CLANG_CXX_LIBRARY = "libc++";
				CLANG_ENABLE_MODULES = YES;
				CLANG_ENABLE_OBJC_ARC = YES;
				CLANG_ENABLE_OBJC_WEAK = YES;
				CLANG_WARN_BLOCK_CAPTURE_AUTORELEASING = YES;
				CLANG_WARN_BOOL_CONVERSION = YES;
				CLANG_WARN_COMMA = YES;
				CLANG_WARN_CONSTANT_CONVERSION = YES;
				CLANG_WARN_DEPRECATED_OBJC_IMPLEMENTATIONS = YES;
				CLANG_WARN_DIRECT_OBJC_ISA_USAGE = YES_ERROR;
				CLANG_WARN_DOCUMENTATION_COMMENTS = YES;
				CLANG_WARN_EMPTY_BODY = YES;
				CLANG_WARN_ENUM_CONVERSION = YES;
				CLANG_WARN_INFINITE_RECURSION = YES;
				CLANG_WARN_INT_CONVERSION = YES;
				CLANG_WARN_NON_LITERAL_NULL_CONVERSION = YES;
				CLANG_WARN_OBJC_IMPLICIT_RETAIN_SELF = YES;
				CLANG_WARN_OBJC_LITERAL_CONVERSION = YES;
				CLANG_WARN_OBJC_ROOT_CLASS = YES_ERROR;
				CLANG_WARN_QUOTED_INCLUDE_IN_FRAMEWORK_HEADER = YES;
				CLANG_WARN_RANGE_LOOP_ANALYSIS = YES;
				CLANG_WARN_STRICT_PROTOTYPES = YES;
				CLANG_WARN_SUSPICIOUS_MOVE = YES;
				CLANG_WARN_UNGUARDED_AVAILABILITY = YES_AGGRESSIVE;
				CLANG_WARN_UNREACHABLE_CODE = YES;
				CLANG_WARN__DUPLICATE_METHOD_MATCH = YES;
				COPY_PHASE_STRIP = NO;
				DEBUG_INFORMATION_FORMAT = "dwarf-with-dsym";
				ENABLE_NS_ASSERTIONS = NO;
				ENABLE_STRICT_OBJC_MSGSEND = YES;
				GCC_C_LANGUAGE_STANDARD = gnu11;
				GCC_NO_COMMON_BLOCKS = YES;
				GCC_WARN_64_TO_32_BIT_CONVERSION = YES;
				GCC_WARN_ABOUT_RETURN_TYPE = YES_ERROR;
				GCC_WARN_UNDECLARED_SELECTOR = YES;
				GCC_WARN_UNINITIALIZED_AUTOS = YES_AGGRESSIVE;
				GCC_WARN_UNUSED_FUNCTION = YES;
				GCC_WARN_UNUSED_VARIABLE = YES;
				IPHONEOS_DEPLOYMENT_TARGET = 14.3;
				MTL_ENABLE_DEBUG_INFO = NO;
				MTL_FAST_MATH = YES;
				SDKROOT = iphoneos;
				SWIFT_COMPILATION_MODE = wholemodule;
				SWIFT_OPTIMIZATION_LEVEL = "-O";
				VALIDATE_PRODUCT = YES;
			};
			name = Release;
		};
		173510EC25BC9158005AF6BF /* Debug */ = {
			isa = XCBuildConfiguration;
			baseConfigurationReference = 962AB8DDE7F8D9AF47D9094E /* Pods-AllTargets-Sample.debug.xcconfig */;
			buildSettings = {
				ASSETCATALOG_COMPILER_APPICON_NAME = AppIcon;
				ASSETCATALOG_COMPILER_GLOBAL_ACCENT_COLOR_NAME = AccentColor;
				CODE_SIGN_ENTITLEMENTS = Sample/Sample.entitlements;
				CODE_SIGN_IDENTITY = "Apple Development";
				"CODE_SIGN_IDENTITY[sdk=macosx*]" = "Apple Development";
				CODE_SIGN_STYLE = Automatic;
				DEVELOPMENT_TEAM = RH9GNXSHK5;
				INFOPLIST_FILE = Sample/Info.plist;
				LD_RUNPATH_SEARCH_PATHS = (
					"$(inherited)",
					"@executable_path/Frameworks",
				);
				PRODUCT_BUNDLE_IDENTIFIER = com.fermoya.challenge.Sample;
				PRODUCT_NAME = "$(TARGET_NAME)";
				PROVISIONING_PROFILE_SPECIFIER = "";
				"PROVISIONING_PROFILE_SPECIFIER[sdk=macosx*]" = "";
				SUPPORTS_MACCATALYST = YES;
				SWIFT_VERSION = 5.0;
				TARGETED_DEVICE_FAMILY = "1,2";
			};
			name = Debug;
		};
		173510ED25BC9158005AF6BF /* Release */ = {
			isa = XCBuildConfiguration;
			baseConfigurationReference = 2003D1A169BF2C70A9AEC223 /* Pods-AllTargets-Sample.release.xcconfig */;
			buildSettings = {
				ASSETCATALOG_COMPILER_APPICON_NAME = AppIcon;
				ASSETCATALOG_COMPILER_GLOBAL_ACCENT_COLOR_NAME = AccentColor;
				CODE_SIGN_ENTITLEMENTS = Sample/Sample.entitlements;
				CODE_SIGN_IDENTITY = "Apple Development";
				"CODE_SIGN_IDENTITY[sdk=macosx*]" = "Apple Development";
				CODE_SIGN_STYLE = Automatic;
				DEVELOPMENT_TEAM = RH9GNXSHK5;
				INFOPLIST_FILE = Sample/Info.plist;
				LD_RUNPATH_SEARCH_PATHS = (
					"$(inherited)",
					"@executable_path/Frameworks",
				);
				PRODUCT_BUNDLE_IDENTIFIER = com.fermoya.challenge.Sample;
				PRODUCT_NAME = "$(TARGET_NAME)";
				PROVISIONING_PROFILE_SPECIFIER = "";
				"PROVISIONING_PROFILE_SPECIFIER[sdk=macosx*]" = "";
				SUPPORTS_MACCATALYST = YES;
				SWIFT_VERSION = 5.0;
				TARGETED_DEVICE_FAMILY = "1,2";
			};
			name = Release;
		};
		173510EF25BC9158005AF6BF /* Debug */ = {
			isa = XCBuildConfiguration;
			buildSettings = {
				ALWAYS_EMBED_SWIFT_STANDARD_LIBRARIES = YES;
				BUNDLE_LOADER = "$(TEST_HOST)";
				CODE_SIGN_STYLE = Automatic;
				DEVELOPMENT_TEAM = FMMUM2Q3NC;
				INFOPLIST_FILE = SampleTests/Info.plist;
				IPHONEOS_DEPLOYMENT_TARGET = 14.3;
				LD_RUNPATH_SEARCH_PATHS = (
					"$(inherited)",
					"@executable_path/Frameworks",
					"@loader_path/Frameworks",
				);
				PRODUCT_BUNDLE_IDENTIFIER = com.fermoya.challenge.SampleTests;
				PRODUCT_NAME = "$(TARGET_NAME)";
				SWIFT_VERSION = 5.0;
				TARGETED_DEVICE_FAMILY = "1,2";
				TEST_HOST = "$(BUILT_PRODUCTS_DIR)/Sample.app/Sample";
			};
			name = Debug;
		};
		173510F025BC9158005AF6BF /* Release */ = {
			isa = XCBuildConfiguration;
			buildSettings = {
				ALWAYS_EMBED_SWIFT_STANDARD_LIBRARIES = YES;
				BUNDLE_LOADER = "$(TEST_HOST)";
				CODE_SIGN_STYLE = Automatic;
				DEVELOPMENT_TEAM = FMMUM2Q3NC;
				INFOPLIST_FILE = SampleTests/Info.plist;
				IPHONEOS_DEPLOYMENT_TARGET = 14.3;
				LD_RUNPATH_SEARCH_PATHS = (
					"$(inherited)",
					"@executable_path/Frameworks",
					"@loader_path/Frameworks",
				);
				PRODUCT_BUNDLE_IDENTIFIER = com.fermoya.challenge.SampleTests;
				PRODUCT_NAME = "$(TARGET_NAME)";
				SWIFT_VERSION = 5.0;
				TARGETED_DEVICE_FAMILY = "1,2";
				TEST_HOST = "$(BUILT_PRODUCTS_DIR)/Sample.app/Sample";
			};
			name = Release;
		};
		173510F225BC9158005AF6BF /* Debug */ = {
			isa = XCBuildConfiguration;
			buildSettings = {
				ALWAYS_EMBED_SWIFT_STANDARD_LIBRARIES = YES;
				CODE_SIGN_STYLE = Automatic;
				DEVELOPMENT_TEAM = FMMUM2Q3NC;
				INFOPLIST_FILE = SampleUITests/Info.plist;
				LD_RUNPATH_SEARCH_PATHS = (
					"$(inherited)",
					"@executable_path/Frameworks",
					"@loader_path/Frameworks",
				);
				PRODUCT_BUNDLE_IDENTIFIER = com.fermoya.challenge.SampleUITests;
				PRODUCT_NAME = "$(TARGET_NAME)";
				SWIFT_VERSION = 5.0;
				TARGETED_DEVICE_FAMILY = "1,2";
				TEST_TARGET_NAME = Sample;
			};
			name = Debug;
		};
		173510F325BC9158005AF6BF /* Release */ = {
			isa = XCBuildConfiguration;
			buildSettings = {
				ALWAYS_EMBED_SWIFT_STANDARD_LIBRARIES = YES;
				CODE_SIGN_STYLE = Automatic;
				DEVELOPMENT_TEAM = FMMUM2Q3NC;
				INFOPLIST_FILE = SampleUITests/Info.plist;
				LD_RUNPATH_SEARCH_PATHS = (
					"$(inherited)",
					"@executable_path/Frameworks",
					"@loader_path/Frameworks",
				);
				PRODUCT_BUNDLE_IDENTIFIER = com.fermoya.challenge.SampleUITests;
				PRODUCT_NAME = "$(TARGET_NAME)";
				SWIFT_VERSION = 5.0;
				TARGETED_DEVICE_FAMILY = "1,2";
				TEST_TARGET_NAME = Sample;
			};
			name = Release;
		};
/* End XCBuildConfiguration section */

/* Begin XCConfigurationList section */
		173510BC25BC9157005AF6BF /* Build configuration list for PBXProject "Sample" */ = {
			isa = XCConfigurationList;
			buildConfigurations = (
				173510E925BC9158005AF6BF /* Debug */,
				173510EA25BC9158005AF6BF /* Release */,
			);
			defaultConfigurationIsVisible = 0;
			defaultConfigurationName = Release;
		};
		173510EB25BC9158005AF6BF /* Build configuration list for PBXNativeTarget "Sample" */ = {
			isa = XCConfigurationList;
			buildConfigurations = (
				173510EC25BC9158005AF6BF /* Debug */,
				173510ED25BC9158005AF6BF /* Release */,
			);
			defaultConfigurationIsVisible = 0;
			defaultConfigurationName = Release;
		};
		173510EE25BC9158005AF6BF /* Build configuration list for PBXNativeTarget "SampleTests" */ = {
			isa = XCConfigurationList;
			buildConfigurations = (
				173510EF25BC9158005AF6BF /* Debug */,
				173510F025BC9158005AF6BF /* Release */,
			);
			defaultConfigurationIsVisible = 0;
			defaultConfigurationName = Release;
		};
		173510F125BC9158005AF6BF /* Build configuration list for PBXNativeTarget "SampleUITests" */ = {
			isa = XCConfigurationList;
			buildConfigurations = (
				173510F225BC9158005AF6BF /* Debug */,
				173510F325BC9158005AF6BF /* Release */,
			);
			defaultConfigurationIsVisible = 0;
			defaultConfigurationName = Release;
		};
/* End XCConfigurationList section */
	};
	rootObject = 173510B925BC9157005AF6BF /* Project object */;
}
